
Microsoft Visual Studio Solution File, Format Version 12.00
# Visual Studio Version 17
VisualStudioVersion = 17.14.36915.13 d17.14
MinimumVisualStudioVersion = 10.0.40219.1
Project("{FAE04EC0-301F-11D3-BF4B-00C04F79EFBC}") = "BalanDino", "BalanDino\BalanDino.csproj", "{DB5EC446-1CCC-4A3A-B8BF-EBD4541CEA6A}"
EndProject
Global
	GlobalSection(SolutionConfigurationPlatforms) = preSolution
		Debug|Any CPU = Debug|Any CPU
		Release|Any CPU = Release|Any CPU
	EndGlobalSection
	GlobalSection(ProjectConfigurationPlatforms) = postSolution
		{DB5EC446-1CCC-4A3A-B8BF-EBD4541CEA6A}.Debug|Any CPU.ActiveCfg = Debug|Any CPU
		{DB5EC446-1CCC-4A3A-B8BF-EBD4541CEA6A}.Debug|Any CPU.Build.0 = Debug|Any CPU
		{DB5EC446-1CCC-4A3A-B8BF-EBD4541CEA6A}.Release|Any CPU.ActiveCfg = Release|Any CPU
		{DB5EC446-1CCC-4A3A-B8BF-EBD4541CEA6A}.Release|Any CPU.Build.0 = Release|Any CPU
	EndGlobalSection
	GlobalSection(SolutionProperties) = preSolution
		HideSolutionNode = FALSE
	EndGlobalSection
	GlobalSection(ExtensibilityGlobals) = postSolution
		SolutionGuid = {00EB4B45-F00E-4FD6-9F8E-F7765FA93FEE}
	EndGlobalSection
EndGlobal
